
Microsoft Visual Studio Solution File, Format Version 12.00
# Visual Studio Version 17
VisualStudioVersion = 17.0.31903.59
MinimumVisualStudioVersion = 10.0.40219.1
Project("{FAE04EC0-301F-11D3-BF4B-00C04F79EFBC}") = "Web.API", "Web.API\Web.API.csproj", "{F099F7B6-104D-4E3A-813F-619E40C28BC0}"
EndProject
Project("{FAE04EC0-301F-11D3-BF4B-00C04F79EFBC}") = "Application", "Application\Application.csproj", "{0F1B5F13-C0AE-4B9C-9279-001DD546F37A}"
EndProject
Project("{FAE04EC0-301F-11D3-BF4B-00C04F79EFBC}") = "Infraestructure", "Infraestructure\Infraestructure.csproj", "{10F6AF78-C101-4205-B25F-7AC86D3E372D}"
EndProject
Project("{FAE04EC0-301F-11D3-BF4B-00C04F79EFBC}") = "Domain", "Domain\Domain.csproj", "{63B9A59B-CCF7-40E2-96CF-F8A7BB0B5652}"
EndProject
Global
	GlobalSection(SolutionConfigurationPlatforms) = preSolution
		Debug|Any CPU = Debug|Any CPU
		Release|Any CPU = Release|Any CPU
	EndGlobalSection
	GlobalSection(SolutionProperties) = preSolution
		HideSolutionNode = FALSE
	EndGlobalSection
	GlobalSection(ProjectConfigurationPlatforms) = postSolution
		{F099F7B6-104D-4E3A-813F-619E40C28BC0}.Debug|Any CPU.ActiveCfg = Debug|Any CPU
		{F099F7B6-104D-4E3A-813F-619E40C28BC0}.Debug|Any CPU.Build.0 = Debug|Any CPU
		{F099F7B6-104D-4E3A-813F-619E40C28BC0}.Release|Any CPU.ActiveCfg = Release|Any CPU
		{F099F7B6-104D-4E3A-813F-619E40C28BC0}.Release|Any CPU.Build.0 = Release|Any CPU
		{0F1B5F13-C0AE-4B9C-9279-001DD546F37A}.Debug|Any CPU.ActiveCfg = Debug|Any CPU
		{0F1B5F13-C0AE-4B9C-9279-001DD546F37A}.Debug|Any CPU.Build.0 = Debug|Any CPU
		{0F1B5F13-C0AE-4B9C-9279-001DD546F37A}.Release|Any CPU.ActiveCfg = Release|Any CPU
		{0F1B5F13-C0AE-4B9C-9279-001DD546F37A}.Release|Any CPU.Build.0 = Release|Any CPU
		{10F6AF78-C101-4205-B25F-7AC86D3E372D}.Debug|Any CPU.ActiveCfg = Debug|Any CPU
		{10F6AF78-C101-4205-B25F-7AC86D3E372D}.Debug|Any CPU.Build.0 = Debug|Any CPU
		{10F6AF78-C101-4205-B25F-7AC86D3E372D}.Release|Any CPU.ActiveCfg = Release|Any CPU
		{10F6AF78-C101-4205-B25F-7AC86D3E372D}.Release|Any CPU.Build.0 = Release|Any CPU
		{63B9A59B-CCF7-40E2-96CF-F8A7BB0B5652}.Debug|Any CPU.ActiveCfg = Debug|Any CPU
		{63B9A59B-CCF7-40E2-96CF-F8A7BB0B5652}.Debug|Any CPU.Build.0 = Debug|Any CPU
		{63B9A59B-CCF7-40E2-96CF-F8A7BB0B5652}.Release|Any CPU.ActiveCfg = Release|Any CPU
		{63B9A59B-CCF7-40E2-96CF-F8A7BB0B5652}.Release|Any CPU.Build.0 = Release|Any CPU
	EndGlobalSection
EndGlobal
